
Microsoft Visual Studio Solution File, Format Version 12.00
# Visual Studio Version 16
VisualStudioVersion = 16.0.30204.135
MinimumVisualStudioVersion = 10.0.40219.1
Project("{FAE04EC0-301F-11D3-BF4B-00C04F79EFBC}") = "ProgramFlow", "ProgramFlow\ProgramFlow.csproj", "{41C53AE4-7D70-426D-8610-34D26A92B398}"
EndProject
Global
	GlobalSection(SolutionConfigurationPlatforms) = preSolution
		Debug|Any CPU = Debug|Any CPU
		Release|Any CPU = Release|Any CPU
	EndGlobalSection
	GlobalSection(ProjectConfigurationPlatforms) = postSolution
		{41C53AE4-7D70-426D-8610-34D26A92B398}.Debug|Any CPU.ActiveCfg = Debug|Any CPU
		{41C53AE4-7D70-426D-8610-34D26A92B398}.Debug|Any CPU.Build.0 = Debug|Any CPU
		{41C53AE4-7D70-426D-8610-34D26A92B398}.Release|Any CPU.ActiveCfg = Release|Any CPU
		{41C53AE4-7D70-426D-8610-34D26A92B398}.Release|Any CPU.Build.0 = Release|Any CPU
	EndGlobalSection
	GlobalSection(SolutionProperties) = preSolution
		HideSolutionNode = FALSE
	EndGlobalSection
	GlobalSection(ExtensibilityGlobals) = postSolution
		SolutionGuid = {0527394B-736C-42FB-82B1-883EA716ADBC}
	EndGlobalSection
EndGlobal
