
Microsoft Visual Studio Solution File, Format Version 12.00
# Visual Studio 15
VisualStudioVersion = 15.0.27004.2009
MinimumVisualStudioVersion = 10.0.40219.1
Project("{FAE04EC0-301F-11D3-BF4B-00C04F79EFBC}") = "Card Flip", "Card Flip\Card Flip.csproj", "{BAE0FC32-FC66-40CC-9607-49B85F5A6156}"
EndProject
Global
	GlobalSection(SolutionConfigurationPlatforms) = preSolution
		Debug|Any CPU = Debug|Any CPU
		Release|Any CPU = Release|Any CPU
	EndGlobalSection
	GlobalSection(ProjectConfigurationPlatforms) = postSolution
		{BAE0FC32-FC66-40CC-9607-49B85F5A6156}.Debug|Any CPU.ActiveCfg = Debug|Any CPU
		{BAE0FC32-FC66-40CC-9607-49B85F5A6156}.Debug|Any CPU.Build.0 = Debug|Any CPU
		{BAE0FC32-FC66-40CC-9607-49B85F5A6156}.Release|Any CPU.ActiveCfg = Release|Any CPU
		{BAE0FC32-FC66-40CC-9607-49B85F5A6156}.Release|Any CPU.Build.0 = Release|Any CPU
	EndGlobalSection
	GlobalSection(SolutionProperties) = preSolution
		HideSolutionNode = FALSE
	EndGlobalSection
	GlobalSection(ExtensibilityGlobals) = postSolution
		SolutionGuid = {96D8233A-2A55-4AC2-8CA7-F97ADC77580D}
	EndGlobalSection
EndGlobal
