
Microsoft Visual Studio Solution File, Format Version 12.00
# Visual Studio Version 16
VisualStudioVersion = 16.0.30204.135
MinimumVisualStudioVersion = 10.0.40219.1
Project("{FAE04EC0-301F-11D3-BF4B-00C04F79EFBC}") = "WebApplication1", "WebApplication1\WebApplication1.csproj", "{7DE94AD8-4953-4368-8981-A222C959FF0E}"
EndProject
Project("{FAE04EC0-301F-11D3-BF4B-00C04F79EFBC}") = "ClassLibrary1", "ClassLibrary1\ClassLibrary1.csproj", "{2B884C2F-149C-4D3C-8E06-D6A189978D5A}"
EndProject
Global
	GlobalSection(SolutionConfigurationPlatforms) = preSolution
		Debug|Any CPU = Debug|Any CPU
		Release|Any CPU = Release|Any CPU
	EndGlobalSection
	GlobalSection(ProjectConfigurationPlatforms) = postSolution
		{7DE94AD8-4953-4368-8981-A222C959FF0E}.Debug|Any CPU.ActiveCfg = Debug|Any CPU
		{7DE94AD8-4953-4368-8981-A222C959FF0E}.Debug|Any CPU.Build.0 = Debug|Any CPU
		{7DE94AD8-4953-4368-8981-A222C959FF0E}.Release|Any CPU.ActiveCfg = Release|Any CPU
		{7DE94AD8-4953-4368-8981-A222C959FF0E}.Release|Any CPU.Build.0 = Release|Any CPU
		{2B884C2F-149C-4D3C-8E06-D6A189978D5A}.Debug|Any CPU.ActiveCfg = Debug|Any CPU
		{2B884C2F-149C-4D3C-8E06-D6A189978D5A}.Debug|Any CPU.Build.0 = Debug|Any CPU
		{2B884C2F-149C-4D3C-8E06-D6A189978D5A}.Release|Any CPU.ActiveCfg = Release|Any CPU
		{2B884C2F-149C-4D3C-8E06-D6A189978D5A}.Release|Any CPU.Build.0 = Release|Any CPU
	EndGlobalSection
	GlobalSection(SolutionProperties) = preSolution
		HideSolutionNode = FALSE
	EndGlobalSection
	GlobalSection(ExtensibilityGlobals) = postSolution
		SolutionGuid = {A4174756-FB5F-4EC4-B1D2-7C2957C1456F}
	EndGlobalSection
EndGlobal
