
Microsoft Visual Studio Solution File, Format Version 12.00
# Visual Studio 15
VisualStudioVersion = 15.0.27004.2009
MinimumVisualStudioVersion = 10.0.40219.1
Project("{FAE04EC0-301F-11D3-BF4B-00C04F79EFBC}") = "SummarizingText", "SummarizingText\SummarizingText.csproj", "{56DFB383-7B94-43F2-9D27-B503B0A7CC98}"
EndProject
Global
	GlobalSection(SolutionConfigurationPlatforms) = preSolution
		Debug|Any CPU = Debug|Any CPU
		Release|Any CPU = Release|Any CPU
	EndGlobalSection
	GlobalSection(ProjectConfigurationPlatforms) = postSolution
		{56DFB383-7B94-43F2-9D27-B503B0A7CC98}.Debug|Any CPU.ActiveCfg = Debug|Any CPU
		{56DFB383-7B94-43F2-9D27-B503B0A7CC98}.Debug|Any CPU.Build.0 = Debug|Any CPU
		{56DFB383-7B94-43F2-9D27-B503B0A7CC98}.Release|Any CPU.ActiveCfg = Release|Any CPU
		{56DFB383-7B94-43F2-9D27-B503B0A7CC98}.Release|Any CPU.Build.0 = Release|Any CPU
	EndGlobalSection
	GlobalSection(SolutionProperties) = preSolution
		HideSolutionNode = FALSE
	EndGlobalSection
	GlobalSection(ExtensibilityGlobals) = postSolution
		SolutionGuid = {D58CE461-C99F-4923-9C55-77E752B7C7AD}
	EndGlobalSection
EndGlobal
