
Microsoft Visual Studio Solution File, Format Version 12.00
# Visual Studio 15
VisualStudioVersion = 15.0.27004.2009
MinimumVisualStudioVersion = 10.0.40219.1
Project("{FAE04EC0-301F-11D3-BF4B-00C04F79EFBC}") = "Variables", "Variables\Variables.csproj", "{9A5C5950-DB46-402F-8826-40321D062F60}"
EndProject
Global
	GlobalSection(SolutionConfigurationPlatforms) = preSolution
		Debug|Any CPU = Debug|Any CPU
		Release|Any CPU = Release|Any CPU
	EndGlobalSection
	GlobalSection(ProjectConfigurationPlatforms) = postSolution
		{9A5C5950-DB46-402F-8826-40321D062F60}.Debug|Any CPU.ActiveCfg = Debug|Any CPU
		{9A5C5950-DB46-402F-8826-40321D062F60}.Debug|Any CPU.Build.0 = Debug|Any CPU
		{9A5C5950-DB46-402F-8826-40321D062F60}.Release|Any CPU.ActiveCfg = Release|Any CPU
		{9A5C5950-DB46-402F-8826-40321D062F60}.Release|Any CPU.Build.0 = Release|Any CPU
	EndGlobalSection
	GlobalSection(SolutionProperties) = preSolution
		HideSolutionNode = FALSE
	EndGlobalSection
	GlobalSection(ExtensibilityGlobals) = postSolution
		SolutionGuid = {CF7FAED3-584E-469D-A340-30E3D2C3C86C}
	EndGlobalSection
EndGlobal
