
Microsoft Visual Studio Solution File, Format Version 12.00
# Visual Studio 15
VisualStudioVersion = 15.0.27130.2036
MinimumVisualStudioVersion = 10.0.40219.1
Project("{FAE04EC0-301F-11D3-BF4B-00C04F79EFBC}") = "UpcastingDowncasting", "UpcastingDowncasting\UpcastingDowncasting.csproj", "{2349755A-0A8C-41FE-8F07-61651D5E8F9B}"
EndProject
Global
	GlobalSection(SolutionConfigurationPlatforms) = preSolution
		Debug|Any CPU = Debug|Any CPU
		Release|Any CPU = Release|Any CPU
	EndGlobalSection
	GlobalSection(ProjectConfigurationPlatforms) = postSolution
		{2349755A-0A8C-41FE-8F07-61651D5E8F9B}.Debug|Any CPU.ActiveCfg = Debug|Any CPU
		{2349755A-0A8C-41FE-8F07-61651D5E8F9B}.Debug|Any CPU.Build.0 = Debug|Any CPU
		{2349755A-0A8C-41FE-8F07-61651D5E8F9B}.Release|Any CPU.ActiveCfg = Release|Any CPU
		{2349755A-0A8C-41FE-8F07-61651D5E8F9B}.Release|Any CPU.Build.0 = Release|Any CPU
	EndGlobalSection
	GlobalSection(SolutionProperties) = preSolution
		HideSolutionNode = FALSE
	EndGlobalSection
	GlobalSection(ExtensibilityGlobals) = postSolution
		SolutionGuid = {8A62DC52-EF2B-464B-8492-A60B33227635}
	EndGlobalSection
EndGlobal
